
Microsoft Visual Studio Solution File, Format Version 12.00
# Visual Studio Version 17
VisualStudioVersion = 17.0.31912.275
MinimumVisualStudioVersion = 10.0.40219.1
Project("{FAE04EC0-301F-11D3-BF4B-00C04F79EFBC}") = "API", "API\API.csproj", "{C46845BB-7FD2-4DE1-8C23-BCA502FDF33B}"
EndProject
Project("{FAE04EC0-301F-11D3-BF4B-00C04F79EFBC}") = "Core", "Core\Core.csproj", "{0ECC2B35-8330-438A-A4DE-17F91103DFE0}"
EndProject
Project("{FAE04EC0-301F-11D3-BF4B-00C04F79EFBC}") = "DataAccess", "DataAccess\DataAccess.csproj", "{9EAEA5E6-40C4-4D76-9703-0C6D46EA266D}"
EndProject
Project("{FAE04EC0-301F-11D3-BF4B-00C04F79EFBC}") = "Business", "Business\Business.csproj", "{9CC991C3-56D8-47B9-93B6-9A72A00C4672}"
EndProject
Project("{FAE04EC0-301F-11D3-BF4B-00C04F79EFBC}") = "Entities", "Entities\Entities.csproj", "{F92A67C6-6B92-4A1B-8829-356E103980E8}"
EndProject
Global
	GlobalSection(SolutionConfigurationPlatforms) = preSolution
		Debug|Any CPU = Debug|Any CPU
		Release|Any CPU = Release|Any CPU
	EndGlobalSection
	GlobalSection(ProjectConfigurationPlatforms) = postSolution
		{C46845BB-7FD2-4DE1-8C23-BCA502FDF33B}.Debug|Any CPU.ActiveCfg = Debug|Any CPU
		{C46845BB-7FD2-4DE1-8C23-BCA502FDF33B}.Debug|Any CPU.Build.0 = Debug|Any CPU
		{C46845BB-7FD2-4DE1-8C23-BCA502FDF33B}.Release|Any CPU.ActiveCfg = Release|Any CPU
		{C46845BB-7FD2-4DE1-8C23-BCA502FDF33B}.Release|Any CPU.Build.0 = Release|Any CPU
		{0ECC2B35-8330-438A-A4DE-17F91103DFE0}.Debug|Any CPU.ActiveCfg = Debug|Any CPU
		{0ECC2B35-8330-438A-A4DE-17F91103DFE0}.Debug|Any CPU.Build.0 = Debug|Any CPU
		{0ECC2B35-8330-438A-A4DE-17F91103DFE0}.Release|Any CPU.ActiveCfg = Release|Any CPU
		{0ECC2B35-8330-438A-A4DE-17F91103DFE0}.Release|Any CPU.Build.0 = Release|Any CPU
		{9EAEA5E6-40C4-4D76-9703-0C6D46EA266D}.Debug|Any CPU.ActiveCfg = Debug|Any CPU
		{9EAEA5E6-40C4-4D76-9703-0C6D46EA266D}.Debug|Any CPU.Build.0 = Debug|Any CPU
		{9EAEA5E6-40C4-4D76-9703-0C6D46EA266D}.Release|Any CPU.ActiveCfg = Release|Any CPU
		{9EAEA5E6-40C4-4D76-9703-0C6D46EA266D}.Release|Any CPU.Build.0 = Release|Any CPU
		{9CC991C3-56D8-47B9-93B6-9A72A00C4672}.Debug|Any CPU.ActiveCfg = Debug|Any CPU
		{9CC991C3-56D8-47B9-93B6-9A72A00C4672}.Debug|Any CPU.Build.0 = Debug|Any CPU
		{9CC991C3-56D8-47B9-93B6-9A72A00C4672}.Release|Any CPU.ActiveCfg = Release|Any CPU
		{9CC991C3-56D8-47B9-93B6-9A72A00C4672}.Release|Any CPU.Build.0 = Release|Any CPU
		{F92A67C6-6B92-4A1B-8829-356E103980E8}.Debug|Any CPU.ActiveCfg = Debug|Any CPU
		{F92A67C6-6B92-4A1B-8829-356E103980E8}.Debug|Any CPU.Build.0 = Debug|Any CPU
		{F92A67C6-6B92-4A1B-8829-356E103980E8}.Release|Any CPU.ActiveCfg = Release|Any CPU
		{F92A67C6-6B92-4A1B-8829-356E103980E8}.Release|Any CPU.Build.0 = Release|Any CPU
	EndGlobalSection
	GlobalSection(SolutionProperties) = preSolution
		HideSolutionNode = FALSE
	EndGlobalSection
	GlobalSection(ExtensibilityGlobals) = postSolution
		SolutionGuid = {A5CE36DE-EBB4-4EF1-A8A1-792902456F68}
	EndGlobalSection
EndGlobal
